// !$*UTF8*$!
{
	archiveVersion = 1;
	classes = {
	};
	objectVersion = 77;
	objects = {

/* Begin PBXBuildFile section */
		3200B2682FCB6D9D002B078B /* ImagesListViewController.swift in Sources */ = {isa = PBXBuildFile; fileRef = 3200B2672FCB6D9D002B078B /* ImagesListViewController.swift */; };
		3200B2952FD099EE002B078B /* ImagesListCell.swift in Sources */ = {isa = PBXBuildFile; fileRef = 3200B2942FD099E1002B078B /* ImagesListCell.swift */; };
		3200B2D62FD48ADA002B078B /* ProfileViewController.swift in Sources */ = {isa = PBXBuildFile; fileRef = 3200B2D52FD48AD8002B078B /* ProfileViewController.swift */; };
		3200B2EE2FD613EA002B078B /* SingleImageViewController.swift in Sources */ = {isa = PBXBuildFile; fileRef = 3200B2D92FD608CA002B078B /* SingleImageViewController.swift */; };
		32199EDB2FEC2FAF0034918F /* AuthViewController.swift in Sources */ = {isa = PBXBuildFile; fileRef = 32199ED92FEC2FAF0034918F /* AuthViewController.swift */; };
		32199EDD2FEC2FC60034918F /* WebViewViewController.swift in Sources */ = {isa = PBXBuildFile; fileRef = 32199EDC2FEC2FBD0034918F /* WebViewViewController.swift */; };
		32199EE02FEC387F0034918F /* WebKit.framework in Frameworks */ = {isa = PBXBuildFile; fileRef = 32199EDF2FEC387F0034918F /* WebKit.framework */; };
		32199F2D2FF2C70A0034918F /* OAuth2Service.swift in Sources */ = {isa = PBXBuildFile; fileRef = 32199F2C2FF2C6F70034918F /* OAuth2Service.swift */; };
		32199F322FF43F750034918F /* OAuthTokenResponseBody.swift in Sources */ = {isa = PBXBuildFile; fileRef = 32199F312FF43D320034918F /* OAuthTokenResponseBody.swift */; };
		32199F332FF43F7C0034918F /* URLSession+data.swift in Sources */ = {isa = PBXBuildFile; fileRef = 32199F2F2FF4384F0034918F /* URLSession+data.swift */; };
		32199F352FF441490034918F /* OAuth2TokenStorage.swift in Sources */ = {isa = PBXBuildFile; fileRef = 32199F342FF441360034918F /* OAuth2TokenStorage.swift */; };
		32199F382FF469050034918F /* SplashViewController.swift in Sources */ = {isa = PBXBuildFile; fileRef = 32199F372FF468FE0034918F /* SplashViewController.swift */; };
/* End PBXBuildFile section */

/* Begin PBXContainerItemProxy section */
		3200B2772FCB6DA1002B078B /* PBXContainerItemProxy */ = {
			isa = PBXContainerItemProxy;
			containerPortal = 3200B2582FCB6D9D002B078B /* Project object */;
			proxyType = 1;
			remoteGlobalIDString = 3200B25F2FCB6D9D002B078B;
			remoteInfo = ImageFeed;
		};
		3200B2812FCB6DA1002B078B /* PBXContainerItemProxy */ = {
			isa = PBXContainerItemProxy;
			containerPortal = 3200B2582FCB6D9D002B078B /* Project object */;
			proxyType = 1;
			remoteGlobalIDString = 3200B25F2FCB6D9D002B078B;
			remoteInfo = ImageFeed;
		};
/* End PBXContainerItemProxy section */

/* Begin PBXFileReference section */
		3200B2602FCB6D9D002B078B /* ImageFeed.app */ = {isa = PBXFileReference; explicitFileType = wrapper.application; includeInIndex = 0; path = ImageFeed.app; sourceTree = BUILT_PRODUCTS_DIR; };
		3200B2672FCB6D9D002B078B /* ImagesListViewController.swift */ = {isa = PBXFileReference; lastKnownFileType = sourcecode.swift; path = ImagesListViewController.swift; sourceTree = "<group>"; };
		3200B2762FCB6DA1002B078B /* ImageFeedTests.xctest */ = {isa = PBXFileReference; explicitFileType = wrapper.cfbundle; includeInIndex = 0; path = ImageFeedTests.xctest; sourceTree = BUILT_PRODUCTS_DIR; };
		3200B2802FCB6DA1002B078B /* ImageFeedUITests.xctest */ = {isa = PBXFileReference; explicitFileType = wrapper.cfbundle; includeInIndex = 0; path = ImageFeedUITests.xctest; sourceTree = BUILT_PRODUCTS_DIR; };
		3200B2942FD099E1002B078B /* ImagesListCell.swift */ = {isa = PBXFileReference; lastKnownFileType = sourcecode.swift; path = ImagesListCell.swift; sourceTree = "<group>"; };
		3200B2D52FD48AD8002B078B /* ProfileViewController.swift */ = {isa = PBXFileReference; lastKnownFileType = sourcecode.swift; path = ProfileViewController.swift; sourceTree = "<group>"; };
		3200B2D92FD608CA002B078B /* SingleImageViewController.swift */ = {isa = PBXFileReference; lastKnownFileType = sourcecode.swift; path = SingleImageViewController.swift; sourceTree = "<group>"; };
		32199ED92FEC2FAF0034918F /* AuthViewController.swift */ = {isa = PBXFileReference; lastKnownFileType = sourcecode.swift; path = AuthViewController.swift; sourceTree = "<group>"; };
		32199EDC2FEC2FBD0034918F /* WebViewViewController.swift */ = {isa = PBXFileReference; lastKnownFileType = sourcecode.swift; path = WebViewViewController.swift; sourceTree = "<group>"; };
		32199EDF2FEC387F0034918F /* WebKit.framework */ = {isa = PBXFileReference; lastKnownFileType = wrapper.framework; name = WebKit.framework; path = System/Library/Frameworks/WebKit.framework; sourceTree = SDKROOT; };
		32199F2C2FF2C6F70034918F /* OAuth2Service.swift */ = {isa = PBXFileReference; lastKnownFileType = sourcecode.swift; path = OAuth2Service.swift; sourceTree = "<group>"; };
		32199F2F2FF4384F0034918F /* URLSession+data.swift */ = {isa = PBXFileReference; lastKnownFileType = sourcecode.swift; path = "URLSession+data.swift"; sourceTree = "<group>"; };
		32199F312FF43D320034918F /* OAuthTokenResponseBody.swift */ = {isa = PBXFileReference; lastKnownFileType = sourcecode.swift; path = OAuthTokenResponseBody.swift; sourceTree = "<group>"; };
		32199F342FF441360034918F /* OAuth2TokenStorage.swift */ = {isa = PBXFileReference; lastKnownFileType = sourcecode.swift; path = OAuth2TokenStorage.swift; sourceTree = "<group>"; };
		32199F372FF468FE0034918F /* SplashViewController.swift */ = {isa = PBXFileReference; lastKnownFileType = sourcecode.swift; path = SplashViewController.swift; sourceTree = "<group>"; };
/* End PBXFileReference section */

/* Begin PBXFileSystemSynchronizedBuildFileExceptionSet section */
		3200B2882FCB6DA1002B078B /* Exceptions for "ImageFeed" folder in "ImageFeed" target */ = {
			isa = PBXFileSystemSynchronizedBuildFileExceptionSet;
			membershipExceptions = (
				Info.plist,
			);
			target = 3200B25F2FCB6D9D002B078B /* ImageFeed */;
		};
/* End PBXFileSystemSynchronizedBuildFileExceptionSet section */

/* Begin PBXFileSystemSynchronizedRootGroup section */
		3200B2622FCB6D9D002B078B /* ImageFeed */ = {
			isa = PBXFileSystemSynchronizedRootGroup;
			exceptions = (
				3200B2882FCB6DA1002B078B /* Exceptions for "ImageFeed" folder in "ImageFeed" target */,
			);
			path = ImageFeed;
			sourceTree = "<group>";
		};
		3200B2792FCB6DA1002B078B /* ImageFeedTests */ = {
			isa = PBXFileSystemSynchronizedRootGroup;
			path = ImageFeedTests;
			sourceTree = "<group>";
		};
		3200B2832FCB6DA1002B078B /* ImageFeedUITests */ = {
			isa = PBXFileSystemSynchronizedRootGroup;
			path = ImageFeedUITests;
			sourceTree = "<group>";
		};
/* End PBXFileSystemSynchronizedRootGroup section */

/* Begin PBXFrameworksBuildPhase section */
		3200B25D2FCB6D9D002B078B /* Frameworks */ = {
			isa = PBXFrameworksBuildPhase;
			buildActionMask = 2147483647;
			files = (
				32199EE02FEC387F0034918F /* WebKit.framework in Frameworks */,
			);
			runOnlyForDeploymentPostprocessing = 0;
		};
		3200B2732FCB6DA1002B078B /* Frameworks */ = {
			isa = PBXFrameworksBuildPhase;
			buildActionMask = 2147483647;
			files = (
			);
			runOnlyForDeploymentPostprocessing = 0;
		};
		3200B27D2FCB6DA1002B078B /* Frameworks */ = {
			isa = PBXFrameworksBuildPhase;
			buildActionMask = 2147483647;
			files = (
			);
			runOnlyForDeploymentPostprocessing = 0;
		};
/* End PBXFrameworksBuildPhase section */

/* Begin PBXGroup section */
		3200B2572FCB6D9D002B078B = {
			isa = PBXGroup;
			children = (
				32199F362FF468F60034918F /* SplashViewController */,
				32199F302FF43D260034918F /* Models */,
				32199F2E2FF438470034918F /* Helpers */,
				32199EDA2FEC2FAF0034918F /* Auth */,
				3200B2D82FD608BB002B078B /* Image */,
				3200B2D72FD5C9AC002B078B /* Profile */,
				3200B2972FD09C22002B078B /* ImagesList */,
				3200B2622FCB6D9D002B078B /* ImageFeed */,
				3200B2792FCB6DA1002B078B /* ImageFeedTests */,
				3200B2832FCB6DA1002B078B /* ImageFeedUITests */,
				32199EDE2FEC387E0034918F /* Frameworks */,
				3200B2612FCB6D9D002B078B /* Products */,
			);
			sourceTree = "<group>";
		};
		3200B2612FCB6D9D002B078B /* Products */ = {
			isa = PBXGroup;
			children = (
				3200B2602FCB6D9D002B078B /* ImageFeed.app */,
				3200B2762FCB6DA1002B078B /* ImageFeedTests.xctest */,
				3200B2802FCB6DA1002B078B /* ImageFeedUITests.xctest */,
			);
			name = Products;
			sourceTree = "<group>";
		};
		3200B2972FD09C22002B078B /* ImagesList */ = {
			isa = PBXGroup;
			children = (
				3200B2942FD099E1002B078B /* ImagesListCell.swift */,
				3200B2672FCB6D9D002B078B /* ImagesListViewController.swift */,
			);
			path = ImagesList;
			sourceTree = "<group>";
		};
		3200B2D72FD5C9AC002B078B /* Profile */ = {
			isa = PBXGroup;
			children = (
				3200B2D52FD48AD8002B078B /* ProfileViewController.swift */,
			);
			path = Profile;
			sourceTree = "<group>";
		};
		3200B2D82FD608BB002B078B /* Image */ = {
			isa = PBXGroup;
			children = (
				3200B2D92FD608CA002B078B /* SingleImageViewController.swift */,
			);
			path = Image;
			sourceTree = "<group>";
		};
		32199EDA2FEC2FAF0034918F /* Auth */ = {
			isa = PBXGroup;
			children = (
				32199F342FF441360034918F /* OAuth2TokenStorage.swift */,
				32199F2C2FF2C6F70034918F /* OAuth2Service.swift */,
				32199EDC2FEC2FBD0034918F /* WebViewViewController.swift */,
				32199ED92FEC2FAF0034918F /* AuthViewController.swift */,
			);
			path = Auth;
			sourceTree = "<group>";
		};
		32199EDE2FEC387E0034918F /* Frameworks */ = {
			isa = PBXGroup;
			children = (
				32199EDF2FEC387F0034918F /* WebKit.framework */,
			);
			name = Frameworks;
			sourceTree = "<group>";
		};
		32199F2E2FF438470034918F /* Helpers */ = {
			isa = PBXGroup;
			children = (
				32199F2F2FF4384F0034918F /* URLSession+data.swift */,
			);
			path = Helpers;
			sourceTree = "<group>";
		};
		32199F302FF43D260034918F /* Models */ = {
			isa = PBXGroup;
			children = (
				32199F312FF43D320034918F /* OAuthTokenResponseBody.swift */,
			);
			path = Models;
			sourceTree = "<group>";
		};
		32199F362FF468F60034918F /* SplashViewController */ = {
			isa = PBXGroup;
			children = (
				32199F372FF468FE0034918F /* SplashViewController.swift */,
			);
			path = SplashViewController;
			sourceTree = "<group>";
		};
/* End PBXGroup section */

/* Begin PBXNativeTarget section */
		3200B25F2FCB6D9D002B078B /* ImageFeed */ = {
			isa = PBXNativeTarget;
			buildConfigurationList = 3200B2892FCB6DA1002B078B /* Build configuration list for PBXNativeTarget "ImageFeed" */;
			buildPhases = (
				3200B25C2FCB6D9D002B078B /* Sources */,
				3200B25D2FCB6D9D002B078B /* Frameworks */,
				3200B25E2FCB6D9D002B078B /* Resources */,
			);
			buildRules = (
			);
			dependencies = (
			);
			fileSystemSynchronizedGroups = (
				3200B2622FCB6D9D002B078B /* ImageFeed */,
			);
			name = ImageFeed;
			packageProductDependencies = (
			);
			productName = ImageFeed;
			productReference = 3200B2602FCB6D9D002B078B /* ImageFeed.app */;
			productType = "com.apple.product-type.application";
		};
		3200B2752FCB6DA1002B078B /* ImageFeedTests */ = {
			isa = PBXNativeTarget;
			buildConfigurationList = 3200B28E2FCB6DA1002B078B /* Build configuration list for PBXNativeTarget "ImageFeedTests" */;
			buildPhases = (
				3200B2722FCB6DA1002B078B /* Sources */,
				3200B2732FCB6DA1002B078B /* Frameworks */,
				3200B2742FCB6DA1002B078B /* Resources */,
			);
			buildRules = (
			);
			dependencies = (
				3200B2782FCB6DA1002B078B /* PBXTargetDependency */,
			);
			fileSystemSynchronizedGroups = (
				3200B2792FCB6DA1002B078B /* ImageFeedTests */,
			);
			name = ImageFeedTests;
			packageProductDependencies = (
			);
			productName = ImageFeedTests;
			productReference = 3200B2762FCB6DA1002B078B /* ImageFeedTests.xctest */;
			productType = "com.apple.product-type.bundle.unit-test";
		};
		3200B27F2FCB6DA1002B078B /* ImageFeedUITests */ = {
			isa = PBXNativeTarget;
			buildConfigurationList = 3200B2912FCB6DA1002B078B /* Build configuration list for PBXNativeTarget "ImageFeedUITests" */;
			buildPhases = (
				3200B27C2FCB6DA1002B078B /* Sources */,
				3200B27D2FCB6DA1002B078B /* Frameworks */,
				3200B27E2FCB6DA1002B078B /* Resources */,
			);
			buildRules = (
			);
			dependencies = (
				3200B2822FCB6DA1002B078B /* PBXTargetDependency */,
			);
			fileSystemSynchronizedGroups = (
				3200B2832FCB6DA1002B078B /* ImageFeedUITests */,
			);
			name = ImageFeedUITests;
			packageProductDependencies = (
			);
			productName = ImageFeedUITests;
			productReference = 3200B2802FCB6DA1002B078B /* ImageFeedUITests.xctest */;
			productType = "com.apple.product-type.bundle.ui-testing";
		};
/* End PBXNativeTarget section */

/* Begin PBXProject section */
		3200B2582FCB6D9D002B078B /* Project object */ = {
			isa = PBXProject;
			attributes = {
				BuildIndependentTargetsInParallel = 1;
				LastSwiftUpdateCheck = 2630;
				LastUpgradeCheck = 2630;
				TargetAttributes = {
					3200B25F2FCB6D9D002B078B = {
						CreatedOnToolsVersion = 26.3;
					};
					3200B2752FCB6DA1002B078B = {
						CreatedOnToolsVersion = 26.3;
						TestTargetID = 3200B25F2FCB6D9D002B078B;
					};
					3200B27F2FCB6DA1002B078B = {
						CreatedOnToolsVersion = 26.3;
						TestTargetID = 3200B25F2FCB6D9D002B078B;
					};
				};
			};
			buildConfigurationList = 3200B25B2FCB6D9D002B078B /* Build configuration list for PBXProject "ImageFeed" */;
			developmentRegion = en;
			hasScannedForEncodings = 0;
			knownRegions = (
				en,
				Base,
			);
			mainGroup = 3200B2572FCB6D9D002B078B;
			minimizedProjectReferenceProxies = 1;
			preferredProjectObjectVersion = 77;
			productRefGroup = 3200B2612FCB6D9D002B078B /* Products */;
			projectDirPath = "";
			projectRoot = "";
			targets = (
				3200B25F2FCB6D9D002B078B /* ImageFeed */,
				3200B2752FCB6DA1002B078B /* ImageFeedTests */,
				3200B27F2FCB6DA1002B078B /* ImageFeedUITests */,
			);
		};
/* End PBXProject section */

/* Begin PBXResourcesBuildPhase section */
		3200B25E2FCB6D9D002B078B /* Resources */ = {
			isa = PBXResourcesBuildPhase;
			buildActionMask = 2147483647;
			files = (
			);
			runOnlyForDeploymentPostprocessing = 0;
		};
		3200B2742FCB6DA1002B078B /* Resources */ = {
			isa = PBXResourcesBuildPhase;
			buildActionMask = 2147483647;
			files = (
			);
			runOnlyForDeploymentPostprocessing = 0;
		};
		3200B27E2FCB6DA1002B078B /* Resources */ = {
			isa = PBXResourcesBuildPhase;
			buildActionMask = 2147483647;
			files = (
			);
			runOnlyForDeploymentPostprocessing = 0;
		};
/* End PBXResourcesBuildPhase section */

/* Begin PBXSourcesBuildPhase section */
		3200B25C2FCB6D9D002B078B /* Sources */ = {
			isa = PBXSourcesBuildPhase;
			buildActionMask = 2147483647;
			files = (
				3200B2682FCB6D9D002B078B /* ImagesListViewController.swift in Sources */,
				32199EDB2FEC2FAF0034918F /* AuthViewController.swift in Sources */,
				3200B2D62FD48ADA002B078B /* ProfileViewController.swift in Sources */,
				32199F322FF43F750034918F /* OAuthTokenResponseBody.swift in Sources */,
				32199F382FF469050034918F /* SplashViewController.swift in Sources */,
				3200B2952FD099EE002B078B /* ImagesListCell.swift in Sources */,
				32199F332FF43F7C0034918F /* URLSession+data.swift in Sources */,
				32199EDD2FEC2FC60034918F /* WebViewViewController.swift in Sources */,
				32199F2D2FF2C70A0034918F /* OAuth2Service.swift in Sources */,
				32199F352FF441490034918F /* OAuth2TokenStorage.swift in Sources */,
				3200B2EE2FD613EA002B078B /* SingleImageViewController.swift in Sources */,
			);
			runOnlyForDeploymentPostprocessing = 0;
		};
		3200B2722FCB6DA1002B078B /* Sources */ = {
			isa = PBXSourcesBuildPhase;
			buildActionMask = 2147483647;
			files = (
			);
			runOnlyForDeploymentPostprocessing = 0;
		};
		3200B27C2FCB6DA1002B078B /* Sources */ = {
			isa = PBXSourcesBuildPhase;
			buildActionMask = 2147483647;
			files = (
			);
			runOnlyForDeploymentPostprocessing = 0;
		};
/* End PBXSourcesBuildPhase section */

/* Begin PBXTargetDependency section */
		3200B2782FCB6DA1002B078B /* PBXTargetDependency */ = {
			isa = PBXTargetDependency;
			target = 3200B25F2FCB6D9D002B078B /* ImageFeed */;
			targetProxy = 3200B2772FCB6DA1002B078B /* PBXContainerItemProxy */;
		};
		3200B2822FCB6DA1002B078B /* PBXTargetDependency */ = {
			isa = PBXTargetDependency;
			target = 3200B25F2FCB6D9D002B078B /* ImageFeed */;
			targetProxy = 3200B2812FCB6DA1002B078B /* PBXContainerItemProxy */;
		};
/* End PBXTargetDependency section */

/* Begin XCBuildConfiguration section */
		3200B28A2FCB6DA1002B078B /* Debug */ = {
			isa = XCBuildConfiguration;
			buildSettings = {
				ASSETCATALOG_COMPILER_APPICON_NAME = AppIcon;
				ASSETCATALOG_COMPILER_GLOBAL_ACCENT_COLOR_NAME = AccentColor;
				CODE_SIGN_IDENTITY = "Apple Development";
				CODE_SIGN_STYLE = Automatic;
				CURRENT_PROJECT_VERSION = 1;
				DEVELOPMENT_TEAM = XU8X46BFZT;
				GENERATE_INFOPLIST_FILE = YES;
				INFOPLIST_FILE = ImageFeed/Info.plist;
				INFOPLIST_KEY_UIApplicationSupportsIndirectInputEvents = YES;
				INFOPLIST_KEY_UILaunchStoryboardName = LaunchScreen;
				INFOPLIST_KEY_UIMainStoryboardFile = Main;
				INFOPLIST_KEY_UISupportedInterfaceOrientations_iPad = "UIInterfaceOrientationPortrait UIInterfaceOrientationPortraitUpsideDown UIInterfaceOrientationLandscapeLeft UIInterfaceOrientationLandscapeRight";
				INFOPLIST_KEY_UISupportedInterfaceOrientations_iPhone = UIInterfaceOrientationPortrait;
				IPHONEOS_DEPLOYMENT_TARGET = 17.0;
				LD_RUNPATH_SEARCH_PATHS = (
					"$(inherited)",
					"@executable_path/Frameworks",
				);
				MARKETING_VERSION = 1.0;
				PRODUCT_BUNDLE_IDENTIFIER = ru.yandex.practicum.ImageFeed.silchenko;
				PRODUCT_NAME = "$(TARGET_NAME)";
				PROVISIONING_PROFILE_SPECIFIER = "";
				STRING_CATALOG_GENERATE_SYMBOLS = YES;
				SUPPORTED_PLATFORMS = "iphoneos iphonesimulator";
				SUPPORTS_MACCATALYST = NO;
				SWIFT_APPROACHABLE_CONCURRENCY = YES;
				SWIFT_DEFAULT_ACTOR_ISOLATION = MainActor;
				SWIFT_EMIT_LOC_STRINGS = YES;
				SWIFT_UPCOMING_FEATURE_MEMBER_IMPORT_VISIBILITY = YES;
				SWIFT_VERSION = 5.0;
				TARGETED_DEVICE_FAMILY = 1;
			};
			name = Debug;
		};
		3200B28B2FCB6DA1002B078B /* Release */ = {
			isa = XCBuildConfiguration;
			buildSettings = {
				ASSETCATALOG_COMPILER_APPICON_NAME = AppIcon;
				ASSETCATALOG_COMPILER_GLOBAL_ACCENT_COLOR_NAME = AccentColor;
				CODE_SIGN_IDENTITY = "Apple Development";
				CODE_SIGN_STYLE = Automatic;
				CURRENT_PROJECT_VERSION = 1;
				DEVELOPMENT_TEAM = XU8X46BFZT;
				GENERATE_INFOPLIST_FILE = YES;
				INFOPLIST_FILE = ImageFeed/Info.plist;
				INFOPLIST_KEY_UIApplicationSupportsIndirectInputEvents = YES;
				INFOPLIST_KEY_UILaunchStoryboardName = LaunchScreen;
				INFOPLIST_KEY_UIMainStoryboardFile = Main;
				INFOPLIST_KEY_UISupportedInterfaceOrientations_iPad = "UIInterfaceOrientationPortrait UIInterfaceOrientationPortraitUpsideDown UIInterfaceOrientationLandscapeLeft UIInterfaceOrientationLandscapeRight";
				INFOPLIST_KEY_UISupportedInterfaceOrientations_iPhone = UIInterfaceOrientationPortrait;
				IPHONEOS_DEPLOYMENT_TARGET = 17.0;
				LD_RUNPATH_SEARCH_PATHS = (
					"$(inherited)",
					"@executable_path/Frameworks",
				);
				MARKETING_VERSION = 1.0;
				PRODUCT_BUNDLE_IDENTIFIER = ru.yandex.practicum.ImageFeed.silchenko;
				PRODUCT_NAME = "$(TARGET_NAME)";
				PROVISIONING_PROFILE_SPECIFIER = "";
				STRING_CATALOG_GENERATE_SYMBOLS = YES;
				SUPPORTED_PLATFORMS = "iphoneos iphonesimulator";
				SUPPORTS_MACCATALYST = NO;
				SWIFT_APPROACHABLE_CONCURRENCY = YES;
				SWIFT_DEFAULT_ACTOR_ISOLATION = MainActor;
				SWIFT_EMIT_LOC_STRINGS = YES;
				SWIFT_UPCOMING_FEATURE_MEMBER_IMPORT_VISIBILITY = YES;
				SWIFT_VERSION = 5.0;
				TARGETED_DEVICE_FAMILY = 1;
			};
			name = Release;
		};
		3200B28C2FCB6DA1002B078B /* Debug */ = {
			isa = XCBuildConfiguration;
			buildSettings = {
				ALWAYS_SEARCH_USER_PATHS = NO;
				ASSETCATALOG_COMPILER_GENERATE_SWIFT_ASSET_SYMBOL_EXTENSIONS = YES;
				CLANG_ANALYZER_NONNULL = YES;
				CLANG_ANALYZER_NUMBER_OBJECT_CONVERSION = YES_AGGRESSIVE;
				CLANG_CXX_LANGUAGE_STANDARD = "gnu++20";
				CLANG_ENABLE_MODULES = YES;
				CLANG_ENABLE_OBJC_ARC = YES;
				CLANG_ENABLE_OBJC_WEAK = YES;
				CLANG_WARN_BLOCK_CAPTURE_AUTORELEASING = YES;
				CLANG_WARN_BOOL_CONVERSION = YES;
				CLANG_WARN_COMMA = YES;
				CLANG_WARN_CONSTANT_CONVERSION = YES;
				CLANG_WARN_DEPRECATED_OBJC_IMPLEMENTATIONS = YES;
				CLANG_WARN_DIRECT_OBJC_ISA_USAGE = YES_ERROR;
				CLANG_WARN_DOCUMENTATION_COMMENTS = YES;
				CLANG_WARN_EMPTY_BODY = YES;
				CLANG_WARN_ENUM_CONVERSION = YES;
				CLANG_WARN_INFINITE_RECURSION = YES;
				CLANG_WARN_INT_CONVERSION = YES;
				CLANG_WARN_NON_LITERAL_NULL_CONVERSION = YES;
				CLANG_WARN_OBJC_IMPLICIT_RETAIN_SELF = YES;
				CLANG_WARN_OBJC_LITERAL_CONVERSION = YES;
				CLANG_WARN_OBJC_ROOT_CLASS = YES_ERROR;
				CLANG_WARN_QUOTED_INCLUDE_IN_FRAMEWORK_HEADER = YES;
				CLANG_WARN_RANGE_LOOP_ANALYSIS = YES;
				CLANG_WARN_STRICT_PROTOTYPES = YES;
				CLANG_WARN_SUSPICIOUS_MOVE = YES;
				CLANG_WARN_UNGUARDED_AVAILABILITY = YES_AGGRESSIVE;
				CLANG_WARN_UNREACHABLE_CODE = YES;
				CLANG_WARN__DUPLICATE_METHOD_MATCH = YES;
				COPY_PHASE_STRIP = NO;
				DEBUG_INFORMATION_FORMAT = dwarf;
				DEVELOPMENT_TEAM = XU8X46BFZT;
				ENABLE_STRICT_OBJC_MSGSEND = YES;
				ENABLE_TESTABILITY = YES;
				ENABLE_USER_SCRIPT_SANDBOXING = YES;
				GCC_C_LANGUAGE_STANDARD = gnu17;
				GCC_DYNAMIC_NO_PIC = NO;
				GCC_NO_COMMON_BLOCKS = YES;
				GCC_OPTIMIZATION_LEVEL = 0;
				GCC_PREPROCESSOR_DEFINITIONS = (
					"DEBUG=1",
					"$(inherited)",
				);
				GCC_WARN_64_TO_32_BIT_CONVERSION = YES;
				GCC_WARN_ABOUT_RETURN_TYPE = YES_ERROR;
				GCC_WARN_UNDECLARED_SELECTOR = YES;
				GCC_WARN_UNINITIALIZED_AUTOS = YES_AGGRESSIVE;
				GCC_WARN_UNUSED_FUNCTION = YES;
				GCC_WARN_UNUSED_VARIABLE = YES;
				IPHONEOS_DEPLOYMENT_TARGET = 26.2;
				LOCALIZATION_PREFERS_STRING_CATALOGS = YES;
				MTL_ENABLE_DEBUG_INFO = INCLUDE_SOURCE;
				MTL_FAST_MATH = YES;
				ONLY_ACTIVE_ARCH = YES;
				SDKROOT = iphoneos;
				SWIFT_ACTIVE_COMPILATION_CONDITIONS = "DEBUG $(inherited)";
				SWIFT_OPTIMIZATION_LEVEL = "-Onone";
			};
			name = Debug;
		};
		3200B28D2FCB6DA1002B078B /* Release */ = {
			isa = XCBuildConfiguration;
			buildSettings = {
				ALWAYS_SEARCH_USER_PATHS = NO;
				ASSETCATALOG_COMPILER_GENERATE_SWIFT_ASSET_SYMBOL_EXTENSIONS = YES;
				CLANG_ANALYZER_NONNULL = YES;
				CLANG_ANALYZER_NUMBER_OBJECT_CONVERSION = YES_AGGRESSIVE;
				CLANG_CXX_LANGUAGE_STANDARD = "gnu++20";
				CLANG_ENABLE_MODULES = YES;
				CLANG_ENABLE_OBJC_ARC = YES;
				CLANG_ENABLE_OBJC_WEAK = YES;
				CLANG_WARN_BLOCK_CAPTURE_AUTORELEASING = YES;
				CLANG_WARN_BOOL_CONVERSION = YES;
				CLANG_WARN_COMMA = YES;
				CLANG_WARN_CONSTANT_CONVERSION = YES;
				CLANG_WARN_DEPRECATED_OBJC_IMPLEMENTATIONS = YES;
				CLANG_WARN_DIRECT_OBJC_ISA_USAGE = YES_ERROR;
				CLANG_WARN_DOCUMENTATION_COMMENTS = YES;
				CLANG_WARN_EMPTY_BODY = YES;
				CLANG_WARN_ENUM_CONVERSION = YES;
				CLANG_WARN_INFINITE_RECURSION = YES;
				CLANG_WARN_INT_CONVERSION = YES;
				CLANG_WARN_NON_LITERAL_NULL_CONVERSION = YES;
				CLANG_WARN_OBJC_IMPLICIT_RETAIN_SELF = YES;
				CLANG_WARN_OBJC_LITERAL_CONVERSION = YES;
				CLANG_WARN_OBJC_ROOT_CLASS = YES_ERROR;
				CLANG_WARN_QUOTED_INCLUDE_IN_FRAMEWORK_HEADER = YES;
				CLANG_WARN_RANGE_LOOP_ANALYSIS = YES;
				CLANG_WARN_STRICT_PROTOTYPES = YES;
				CLANG_WARN_SUSPICIOUS_MOVE = YES;
				CLANG_WARN_UNGUARDED_AVAILABILITY = YES_AGGRESSIVE;
				CLANG_WARN_UNREACHABLE_CODE = YES;
				CLANG_WARN__DUPLICATE_METHOD_MATCH = YES;
				COPY_PHASE_STRIP = NO;
				DEBUG_INFORMATION_FORMAT = "dwarf-with-dsym";
				DEVELOPMENT_TEAM = XU8X46BFZT;
				ENABLE_NS_ASSERTIONS = NO;
				ENABLE_STRICT_OBJC_MSGSEND = YES;
				ENABLE_USER_SCRIPT_SANDBOXING = YES;
				GCC_C_LANGUAGE_STANDARD = gnu17;
				GCC_NO_COMMON_BLOCKS = YES;
				GCC_WARN_64_TO_32_BIT_CONVERSION = YES;
				GCC_WARN_ABOUT_RETURN_TYPE = YES_ERROR;
				GCC_WARN_UNDECLARED_SELECTOR = YES;
				GCC_WARN_UNINITIALIZED_AUTOS = YES_AGGRESSIVE;
				GCC_WARN_UNUSED_FUNCTION = YES;
				GCC_WARN_UNUSED_VARIABLE = YES;
				IPHONEOS_DEPLOYMENT_TARGET = 26.2;
				LOCALIZATION_PREFERS_STRING_CATALOGS = YES;
				MTL_ENABLE_DEBUG_INFO = NO;
				MTL_FAST_MATH = YES;
				SDKROOT = iphoneos;
				SWIFT_COMPILATION_MODE = wholemodule;
				VALIDATE_PRODUCT = YES;
			};
			name = Release;
		};
		3200B28F2FCB6DA1002B078B /* Debug */ = {
			isa = XCBuildConfiguration;
			buildSettings = {
				BUNDLE_LOADER = "$(TEST_HOST)";
				CODE_SIGN_STYLE = Automatic;
				CURRENT_PROJECT_VERSION = 1;
				DEVELOPMENT_TEAM = XU8X46BFZT;
				GENERATE_INFOPLIST_FILE = YES;
				IPHONEOS_DEPLOYMENT_TARGET = 26.2;
				MARKETING_VERSION = 1.0;
				PRODUCT_BUNDLE_IDENTIFIER = ru.yandex.practicum.ImageFeedTests;
				PRODUCT_NAME = "$(TARGET_NAME)";
				STRING_CATALOG_GENERATE_SYMBOLS = NO;
				SWIFT_APPROACHABLE_CONCURRENCY = YES;
				SWIFT_EMIT_LOC_STRINGS = NO;
				SWIFT_UPCOMING_FEATURE_MEMBER_IMPORT_VISIBILITY = YES;
				SWIFT_VERSION = 5.0;
				TARGETED_DEVICE_FAMILY = "1,2";
				TEST_HOST = "$(BUILT_PRODUCTS_DIR)/ImageFeed.app/$(BUNDLE_EXECUTABLE_FOLDER_PATH)/ImageFeed";
			};
			name = Debug;
		};
		3200B2902FCB6DA1002B078B /* Release */ = {
			isa = XCBuildConfiguration;
			buildSettings = {
				BUNDLE_LOADER = "$(TEST_HOST)";
				CODE_SIGN_STYLE = Automatic;
				CURRENT_PROJECT_VERSION = 1;
				DEVELOPMENT_TEAM = XU8X46BFZT;
				GENERATE_INFOPLIST_FILE = YES;
				IPHONEOS_DEPLOYMENT_TARGET = 26.2;
				MARKETING_VERSION = 1.0;
				PRODUCT_BUNDLE_IDENTIFIER = ru.yandex.practicum.ImageFeedTests;
				PRODUCT_NAME = "$(TARGET_NAME)";
				STRING_CATALOG_GENERATE_SYMBOLS = NO;
				SWIFT_APPROACHABLE_CONCURRENCY = YES;
				SWIFT_EMIT_LOC_STRINGS = NO;
				SWIFT_UPCOMING_FEATURE_MEMBER_IMPORT_VISIBILITY = YES;
				SWIFT_VERSION = 5.0;
				TARGETED_DEVICE_FAMILY = "1,2";
				TEST_HOST = "$(BUILT_PRODUCTS_DIR)/ImageFeed.app/$(BUNDLE_EXECUTABLE_FOLDER_PATH)/ImageFeed";
			};
			name = Release;
		};
		3200B2922FCB6DA1002B078B /* Debug */ = {
			isa = XCBuildConfiguration;
			buildSettings = {
				CODE_SIGN_STYLE = Automatic;
				CURRENT_PROJECT_VERSION = 1;
				DEVELOPMENT_TEAM = XU8X46BFZT;
				GENERATE_INFOPLIST_FILE = YES;
				MARKETING_VERSION = 1.0;
				PRODUCT_BUNDLE_IDENTIFIER = ru.yandex.practicum.ImageFeedUITests;
				PRODUCT_NAME = "$(TARGET_NAME)";
				STRING_CATALOG_GENERATE_SYMBOLS = NO;
				SWIFT_APPROACHABLE_CONCURRENCY = YES;
				SWIFT_EMIT_LOC_STRINGS = NO;
				SWIFT_UPCOMING_FEATURE_MEMBER_IMPORT_VISIBILITY = YES;
				SWIFT_VERSION = 5.0;
				TARGETED_DEVICE_FAMILY = "1,2";
				TEST_TARGET_NAME = ImageFeed;
			};
			name = Debug;
		};
		3200B2932FCB6DA1002B078B /* Release */ = {
			isa = XCBuildConfiguration;
			buildSettings = {
				CODE_SIGN_STYLE = Automatic;
				CURRENT_PROJECT_VERSION = 1;
				DEVELOPMENT_TEAM = XU8X46BFZT;
				GENERATE_INFOPLIST_FILE = YES;
				MARKETING_VERSION = 1.0;
				PRODUCT_BUNDLE_IDENTIFIER = ru.yandex.practicum.ImageFeedUITests;
				PRODUCT_NAME = "$(TARGET_NAME)";
				STRING_CATALOG_GENERATE_SYMBOLS = NO;
				SWIFT_APPROACHABLE_CONCURRENCY = YES;
				SWIFT_EMIT_LOC_STRINGS = NO;
				SWIFT_UPCOMING_FEATURE_MEMBER_IMPORT_VISIBILITY = YES;
				SWIFT_VERSION = 5.0;
				TARGETED_DEVICE_FAMILY = "1,2";
				TEST_TARGET_NAME = ImageFeed;
			};
			name = Release;
		};
/* End XCBuildConfiguration section */

/* Begin XCConfigurationList section */
		3200B25B2FCB6D9D002B078B /* Build configuration list for PBXProject "ImageFeed" */ = {
			isa = XCConfigurationList;
			buildConfigurations = (
				3200B28C2FCB6DA1002B078B /* Debug */,
				3200B28D2FCB6DA1002B078B /* Release */,
			);
			defaultConfigurationIsVisible = 0;
			defaultConfigurationName = Release;
		};
		3200B2892FCB6DA1002B078B /* Build configuration list for PBXNativeTarget "ImageFeed" */ = {
			isa = XCConfigurationList;
			buildConfigurations = (
				3200B28A2FCB6DA1002B078B /* Debug */,
				3200B28B2FCB6DA1002B078B /* Release */,
			);
			defaultConfigurationIsVisible = 0;
			defaultConfigurationName = Release;
		};
		3200B28E2FCB6DA1002B078B /* Build configuration list for PBXNativeTarget "ImageFeedTests" */ = {
			isa = XCConfigurationList;
			buildConfigurations = (
				3200B28F2FCB6DA1002B078B /* Debug */,
				3200B2902FCB6DA1002B078B /* Release */,
			);
			defaultConfigurationIsVisible = 0;
			defaultConfigurationName = Release;
		};
		3200B2912FCB6DA1002B078B /* Build configuration list for PBXNativeTarget "ImageFeedUITests" */ = {
			isa = XCConfigurationList;
			buildConfigurations = (
				3200B2922FCB6DA1002B078B /* Debug */,
				3200B2932FCB6DA1002B078B /* Release */,
			);
			defaultConfigurationIsVisible = 0;
			defaultConfigurationName = Release;
		};
/* End XCConfigurationList section */
	};
	rootObject = 3200B2582FCB6D9D002B078B /* Project object */;
}
